// !$*UTF8*$!
{
	archiveVersion = 1;
	classes = {
	};
	objectVersion = 46;
	objects = {

/* Begin PBXBuildFile section */
		C4A05FE41C7B943500398751 /* AppDelegate.m in Sources */ = {isa = PBXBuildFile; fileRef = C4A05FE31C7B943500398751 /* AppDelegate.m */; };
		C4A05FE71C7B943500398751 /* main.m in Sources */ = {isa = PBXBuildFile; fileRef = C4A05FE61C7B943500398751 /* main.m */; };
		C4A05FE91C7B943500398751 /* Assets.xcassets in Resources */ = {isa = PBXBuildFile; fileRef = C4A05FE81C7B943500398751 /* Assets.xcassets */; };
		C4A05FEC1C7B943500398751 /* MainMenu.xib in Resources */ = {isa = PBXBuildFile; fileRef = C4A05FEA1C7B943500398751 /* MainMenu.xib */; };
		C4A05FF51C7B967000398751 /* WavesView.M in Sources */ = {isa = PBXBuildFile; fileRef = C4A05FF41C7B967000398751 /* WavesView.M */; };
/* End PBXBuildFile section */

/* Begin PBXFileReference section */
		C4A05FDF1C7B943500398751 /* WaveOnString.app */ = {isa = PBXFileReference; explicitFileType = wrapper.application; includeInIndex = 0; path = WaveOnString.app; sourceTree = BUILT_PRODUCTS_DIR; };
		C4A05FE21C7B943500398751 /* AppDelegate.h */ = {isa = PBXFileReference; lastKnownFileType = sourcecode.c.h; path = AppDelegate.h; sourceTree = "<group>"; };
		C4A05FE31C7B943500398751 /* AppDelegate.m */ = {isa = PBXFileReference; lastKnownFileType = sourcecode.c.objc; path = AppDelegate.m; sourceTree = "<group>"; };
		C4A05FE61C7B943500398751 /* main.m */ = {isa = PBXFileReference; lastKnownFileType = sourcecode.c.objc; path = main.m; sourceTree = "<group>"; };
		C4A05FE81C7B943500398751 /* Assets.xcassets */ = {isa = PBXFileReference; lastKnownFileType = folder.assetcatalog; path = Assets.xcassets; sourceTree = "<group>"; };
		C4A05FEB1C7B943500398751 /* Base */ = {isa = PBXFileReference; lastKnownFileType = file.xib; name = Base; path = Base.lproj/MainMenu.xib; sourceTree = "<group>"; };
		C4A05FED1C7B943500398751 /* Info.plist */ = {isa = PBXFileReference; lastKnownFileType = text.plist.xml; path = Info.plist; sourceTree = "<group>"; };
		C4A05FF31C7B967000398751 /* WavesView.h */ = {isa = PBXFileReference; fileEncoding = 4; lastKnownFileType = sourcecode.c.h; path = WavesView.h; sourceTree = "<group>"; };
		C4A05FF41C7B967000398751 /* WavesView.M */ = {isa = PBXFileReference; explicitFileType = sourcecode.cpp.objcpp; fileEncoding = 4; path = WavesView.M; sourceTree = "<group>"; };
/* End PBXFileReference section */

/* Begin PBXFrameworksBuildPhase section */
		C4A05FDC1C7B943500398751 /* Frameworks */ = {
			isa = PBXFrameworksBuildPhase;
			buildActionMask = 2147483647;
			files = (
			);
			runOnlyForDeploymentPostprocessing = 0;
		};
/* End PBXFrameworksBuildPhase section */

/* Begin PBXGroup section */
		C4A05FD61C7B943500398751 = {
			isa = PBXGroup;
			children = (
				C4A05FE11C7B943500398751 /* WaveOnString */,
				C4A05FE01C7B943500398751 /* Products */,
			);
			sourceTree = "<group>";
		};
		C4A05FE01C7B943500398751 /* Products */ = {
			isa = PBXGroup;
			children = (
				C4A05FDF1C7B943500398751 /* WaveOnString.app */,
			);
			name = Products;
			sourceTree = "<group>";
		};
		C4A05FE11C7B943500398751 /* WaveOnString */ = {
			isa = PBXGroup;
			children = (
				C4A05FE21C7B943500398751 /* AppDelegate.h */,
				C4A05FE31C7B943500398751 /* AppDelegate.m */,
				C4A05FE81C7B943500398751 /* Assets.xcassets */,
				C4A05FEA1C7B943500398751 /* MainMenu.xib */,
				C4A05FF31C7B967000398751 /* WavesView.h */,
				C4A05FF41C7B967000398751 /* WavesView.M */,
				C4A05FED1C7B943500398751 /* Info.plist */,
				C4A05FE51C7B943500398751 /* Supporting Files */,
			);
			path = WaveOnString;
			sourceTree = "<group>";
		};
		C4A05FE51C7B943500398751 /* Supporting Files */ = {
			isa = PBXGroup;
			children = (
				C4A05FE61C7B943500398751 /* main.m */,
			);
			name = "Supporting Files";
			sourceTree = "<group>";
		};
/* End PBXGroup section */

/* Begin PBXNativeTarget section */
		C4A05FDE1C7B943500398751 /* WaveOnString */ = {
			isa = PBXNativeTarget;
			buildConfigurationList = C4A05FF01C7B943500398751 /* Build configuration list for PBXNativeTarget "WaveOnString" */;
			buildPhases = (
				C4A05FDB1C7B943500398751 /* Sources */,
				C4A05FDC1C7B943500398751 /* Frameworks */,
				C4A05FDD1C7B943500398751 /* Resources */,
			);
			buildRules = (
			);
			dependencies = (
			);
			name = WaveOnString;
			productName = WaveOnString;
			productReference = C4A05FDF1C7B943500398751 /* WaveOnString.app */;
			productType = "com.apple.product-type.application";
		};
/* End PBXNativeTarget section */

/* Begin PBXProject section */
		C4A05FD71C7B943500398751 /* Project object */ = {
			isa = PBXProject;
			attributes = {
				LastUpgradeCheck = 0720;
				ORGANIZATIONNAME = AVI;
				TargetAttributes = {
					C4A05FDE1C7B943500398751 = {
						CreatedOnToolsVersion = 7.2.1;
					};
				};
			};
			buildConfigurationList = C4A05FDA1C7B943500398751 /* Build configuration list for PBXProject "WaveOnString" */;
			compatibilityVersion = "Xcode 3.2";
			developmentRegion = English;
			hasScannedForEncodings = 0;
			knownRegions = (
				en,
				Base,
			);
			mainGroup = C4A05FD61C7B943500398751;
			productRefGroup = C4A05FE01C7B943500398751 /* Products */;
			projectDirPath = "";
			projectRoot = "";
			targets = (
				C4A05FDE1C7B943500398751 /* WaveOnString */,
			);
		};
/* End PBXProject section */

/* Begin PBXResourcesBuildPhase section */
		C4A05FDD1C7B943500398751 /* Resources */ = {
			isa = PBXResourcesBuildPhase;
			buildActionMask = 2147483647;
			files = (
				C4A05FE91C7B943500398751 /* Assets.xcassets in Resources */,
				C4A05FEC1C7B943500398751 /* MainMenu.xib in Resources */,
			);
			runOnlyForDeploymentPostprocessing = 0;
		};
/* End PBXResourcesBuildPhase section */

/* Begin PBXSourcesBuildPhase section */
		C4A05FDB1C7B943500398751 /* Sources */ = {
			isa = PBXSourcesBuildPhase;
			buildActionMask = 2147483647;
			files = (
				C4A05FE71C7B943500398751 /* main.m in Sources */,
				C4A05FF51C7B967000398751 /* WavesView.M in Sources */,
				C4A05FE41C7B943500398751 /* AppDelegate.m in Sources */,
			);
			runOnlyForDeploymentPostprocessing = 0;
		};
/* End PBXSourcesBuildPhase section */

/* Begin PBXVariantGroup section */
		C4A05FEA1C7B943500398751 /* MainMenu.xib */ = {
			isa = PBXVariantGroup;
			children = (
				C4A05FEB1C7B943500398751 /* Base */,
			);
			name = MainMenu.xib;
			sourceTree = "<group>";
		};
/* End PBXVariantGroup section */

/* Begin XCBuildConfiguration section */
		C4A05FEE1C7B943500398751 /* Debug */ = {
			isa = XCBuildConfiguration;
			buildSettings = {
				ALWAYS_SEARCH_USER_PATHS = NO;
				CLANG_CXX_LANGUAGE_STANDARD = "gnu++0x";
				CLANG_CXX_LIBRARY = "libc++";
				CLANG_ENABLE_MODULES = YES;
				CLANG_ENABLE_OBJC_ARC = YES;
				CLANG_WARN_BOOL_CONVERSION = YES;
				CLANG_WARN_CONSTANT_CONVERSION = YES;
				CLANG_WARN_DIRECT_OBJC_ISA_USAGE = YES_ERROR;
				CLANG_WARN_EMPTY_BODY = YES;
				CLANG_WARN_ENUM_CONVERSION = YES;
				CLANG_WARN_INT_CONVERSION = YES;
				CLANG_WARN_OBJC_ROOT_CLASS = YES_ERROR;
				CLANG_WARN_UNREACHABLE_CODE = YES;
				CLANG_WARN__DUPLICATE_METHOD_MATCH = YES;
				CODE_SIGN_IDENTITY = "-";
				COPY_PHASE_STRIP = NO;
				DEBUG_INFORMATION_FORMAT = dwarf;
				ENABLE_STRICT_OBJC_MSGSEND = YES;
				ENABLE_TESTABILITY = YES;
				GCC_C_LANGUAGE_STANDARD = gnu99;
				GCC_DYNAMIC_NO_PIC = NO;
				GCC_NO_COMMON_BLOCKS = YES;
				GCC_OPTIMIZATION_LEVEL = 0;
				GCC_PREPROCESSOR_DEFINITIONS = (
					"DEBUG=1",
					"$(inherited)",
				);
				GCC_WARN_64_TO_32_BIT_CONVERSION = YES;
				GCC_WARN_ABOUT_RETURN_TYPE = YES_ERROR;
				GCC_WARN_UNDECLARED_SELECTOR = YES;
				GCC_WARN_UNINITIALIZED_AUTOS = YES_AGGRESSIVE;
				GCC_WARN_UNUSED_FUNCTION = YES;
				GCC_WARN_UNUSED_VARIABLE = YES;
				MACOSX_DEPLOYMENT_TARGET = 10.11;
				MTL_ENABLE_DEBUG_INFO = YES;
				ONLY_ACTIVE_ARCH = YES;
				SDKROOT = macosx;
			};
			name = Debug;
		};
		C4A05FEF1C7B943500398751 /* Release */ = {
			isa = XCBuildConfiguration;
			buildSettings = {
				ALWAYS_SEARCH_USER_PATHS = NO;
				CLANG_CXX_LANGUAGE_STANDARD = "gnu++0x";
				CLANG_CXX_LIBRARY = "libc++";
				CLANG_ENABLE_MODULES = YES;
				CLANG_ENABLE_OBJC_ARC = YES;
				CLANG_WARN_BOOL_CONVERSION = YES;
				CLANG_WARN_CONSTANT_CONVERSION = YES;
				CLANG_WARN_DIRECT_OBJC_ISA_USAGE = YES_ERROR;
				CLANG_WARN_EMPTY_BODY = YES;
				CLANG_WARN_ENUM_CONVERSION = YES;
				CLANG_WARN_INT_CONVERSION = YES;
				CLANG_WARN_OBJC_ROOT_CLASS = YES_ERROR;
				CLANG_WARN_UNREACHABLE_CODE = YES;
				CLANG_WARN__DUPLICATE_METHOD_MATCH = YES;
				CODE_SIGN_IDENTITY = "-";
				COPY_PHASE_STRIP = NO;
				DEBUG_INFORMATION_FORMAT = "dwarf-with-dsym";
				ENABLE_NS_ASSERTIONS = NO;
				ENABLE_STRICT_OBJC_MSGSEND = YES;
				GCC_C_LANGUAGE_STANDARD = gnu99;
				GCC_NO_COMMON_BLOCKS = YES;
				GCC_WARN_64_TO_32_BIT_CONVERSION = YES;
				GCC_WARN_ABOUT_RETURN_TYPE = YES_ERROR;
				GCC_WARN_UNDECLARED_SELECTOR = YES;
				GCC_WARN_UNINITIALIZED_AUTOS = YES_AGGRESSIVE;
				GCC_WARN_UNUSED_FUNCTION = YES;
				GCC_WARN_UNUSED_VARIABLE = YES;
				MACOSX_DEPLOYMENT_TARGET = 10.11;
				MTL_ENABLE_DEBUG_INFO = NO;
				SDKROOT = macosx;
			};
			name = Release;
		};
		C4A05FF11C7B943500398751 /* Debug */ = {
			isa = XCBuildConfiguration;
			buildSettings = {
				ASSETCATALOG_COMPILER_APPICON_NAME = AppIcon;
				COMBINE_HIDPI_IMAGES = YES;
				INFOPLIST_FILE = WaveOnString/Info.plist;
				LD_RUNPATH_SEARCH_PATHS = "$(inherited) @executable_path/../Frameworks";
				PRODUCT_BUNDLE_IDENTIFIER = Avi.WaveOnString;
				PRODUCT_NAME = "$(TARGET_NAME)";
			};
			name = Debug;
		};
		C4A05FF21C7B943500398751 /* Release */ = {
			isa = XCBuildConfiguration;
			buildSettings = {
				ASSETCATALOG_COMPILER_APPICON_NAME = AppIcon;
				COMBINE_HIDPI_IMAGES = YES;
				INFOPLIST_FILE = WaveOnString/Info.plist;
				LD_RUNPATH_SEARCH_PATHS = "$(inherited) @executable_path/../Frameworks";
				PRODUCT_BUNDLE_IDENTIFIER = Avi.WaveOnString;
				PRODUCT_NAME = "$(TARGET_NAME)";
			};
			name = Release;
		};
/* End XCBuildConfiguration section */

/* Begin XCConfigurationList section */
		C4A05FDA1C7B943500398751 /* Build configuration list for PBXProject "WaveOnString" */ = {
			isa = XCConfigurationList;
			buildConfigurations = (
				C4A05FEE1C7B943500398751 /* Debug */,
				C4A05FEF1C7B943500398751 /* Release */,
			);
			defaultConfigurationIsVisible = 0;
			defaultConfigurationName = Release;
		};
		C4A05FF01C7B943500398751 /* Build configuration list for PBXNativeTarget "WaveOnString" */ = {
			isa = XCConfigurationList;
			buildConfigurations = (
				C4A05FF11C7B943500398751 /* Debug */,
				C4A05FF21C7B943500398751 /* Release */,
			);
			defaultConfigurationIsVisible = 0;
			defaultConfigurationName = Release;
		};
/* End XCConfigurationList section */
	};
	rootObject = C4A05FD71C7B943500398751 /* Project object */;
}
