// !$*UTF8*$!
{
	archiveVersion = 1;
	classes = {
	};
	objectVersion = 46;
	objects = {

/* Begin PBXBuildFile section */
		6DDDFD6E1C7D48A40099755D /* main.m in Sources */ = {isa = PBXBuildFile; fileRef = 6DDDFD6D1C7D48A40099755D /* main.m */; };
		6DDDFD701C7D48A40099755D /* Assets.xcassets in Resources */ = {isa = PBXBuildFile; fileRef = 6DDDFD6F1C7D48A40099755D /* Assets.xcassets */; };
		6DDDFD731C7D48A40099755D /* MainMenu.xib in Resources */ = {isa = PBXBuildFile; fileRef = 6DDDFD711C7D48A40099755D /* MainMenu.xib */; };
		6DDDFD7C1C7D4B6E0099755D /* Poly2View.M in Sources */ = {isa = PBXBuildFile; fileRef = 6DDDFD7B1C7D4B6E0099755D /* Poly2View.M */; };
/* End PBXBuildFile section */

/* Begin PBXFileReference section */
		6DDDFD661C7D48A40099755D /* Polygon2.app */ = {isa = PBXFileReference; explicitFileType = wrapper.application; includeInIndex = 0; path = Polygon2.app; sourceTree = BUILT_PRODUCTS_DIR; };
		6DDDFD6D1C7D48A40099755D /* main.m */ = {isa = PBXFileReference; lastKnownFileType = sourcecode.c.objc; path = main.m; sourceTree = "<group>"; };
		6DDDFD6F1C7D48A40099755D /* Assets.xcassets */ = {isa = PBXFileReference; lastKnownFileType = folder.assetcatalog; path = Assets.xcassets; sourceTree = "<group>"; };
		6DDDFD721C7D48A40099755D /* Base */ = {isa = PBXFileReference; lastKnownFileType = file.xib; name = Base; path = Base.lproj/MainMenu.xib; sourceTree = "<group>"; };
		6DDDFD741C7D48A40099755D /* Info.plist */ = {isa = PBXFileReference; lastKnownFileType = text.plist.xml; path = Info.plist; sourceTree = "<group>"; };
		6DDDFD7A1C7D4B6E0099755D /* Poly2View.h */ = {isa = PBXFileReference; fileEncoding = 4; lastKnownFileType = sourcecode.c.h; path = Poly2View.h; sourceTree = "<group>"; };
		6DDDFD7B1C7D4B6E0099755D /* Poly2View.M */ = {isa = PBXFileReference; explicitFileType = sourcecode.cpp.objcpp; fileEncoding = 4; path = Poly2View.M; sourceTree = "<group>"; };
/* End PBXFileReference section */

/* Begin PBXFrameworksBuildPhase section */
		6DDDFD631C7D48A40099755D /* Frameworks */ = {
			isa = PBXFrameworksBuildPhase;
			buildActionMask = 2147483647;
			files = (
			);
			runOnlyForDeploymentPostprocessing = 0;
		};
/* End PBXFrameworksBuildPhase section */

/* Begin PBXGroup section */
		6DDDFD5D1C7D48A40099755D = {
			isa = PBXGroup;
			children = (
				6DDDFD681C7D48A40099755D /* Polygon2 */,
				6DDDFD671C7D48A40099755D /* Products */,
			);
			sourceTree = "<group>";
		};
		6DDDFD671C7D48A40099755D /* Products */ = {
			isa = PBXGroup;
			children = (
				6DDDFD661C7D48A40099755D /* Polygon2.app */,
			);
			name = Products;
			sourceTree = "<group>";
		};
		6DDDFD681C7D48A40099755D /* Polygon2 */ = {
			isa = PBXGroup;
			children = (
				6DDDFD6F1C7D48A40099755D /* Assets.xcassets */,
				6DDDFD711C7D48A40099755D /* MainMenu.xib */,
				6DDDFD7A1C7D4B6E0099755D /* Poly2View.h */,
				6DDDFD7B1C7D4B6E0099755D /* Poly2View.M */,
				6DDDFD741C7D48A40099755D /* Info.plist */,
				6DDDFD6C1C7D48A40099755D /* Supporting Files */,
			);
			path = Polygon2;
			sourceTree = "<group>";
		};
		6DDDFD6C1C7D48A40099755D /* Supporting Files */ = {
			isa = PBXGroup;
			children = (
				6DDDFD6D1C7D48A40099755D /* main.m */,
			);
			name = "Supporting Files";
			sourceTree = "<group>";
		};
/* End PBXGroup section */

/* Begin PBXNativeTarget section */
		6DDDFD651C7D48A40099755D /* Polygon2 */ = {
			isa = PBXNativeTarget;
			buildConfigurationList = 6DDDFD771C7D48A40099755D /* Build configuration list for PBXNativeTarget "Polygon2" */;
			buildPhases = (
				6DDDFD621C7D48A40099755D /* Sources */,
				6DDDFD631C7D48A40099755D /* Frameworks */,
				6DDDFD641C7D48A40099755D /* Resources */,
			);
			buildRules = (
			);
			dependencies = (
			);
			name = Polygon2;
			productName = Polygon2;
			productReference = 6DDDFD661C7D48A40099755D /* Polygon2.app */;
			productType = "com.apple.product-type.application";
		};
/* End PBXNativeTarget section */

/* Begin PBXProject section */
		6DDDFD5E1C7D48A40099755D /* Project object */ = {
			isa = PBXProject;
			attributes = {
				LastUpgradeCheck = 0720;
				ORGANIZATIONNAME = "John Lindner";
				TargetAttributes = {
					6DDDFD651C7D48A40099755D = {
						CreatedOnToolsVersion = 7.2;
					};
				};
			};
			buildConfigurationList = 6DDDFD611C7D48A40099755D /* Build configuration list for PBXProject "Polygon2" */;
			compatibilityVersion = "Xcode 3.2";
			developmentRegion = English;
			hasScannedForEncodings = 0;
			knownRegions = (
				en,
				Base,
			);
			mainGroup = 6DDDFD5D1C7D48A40099755D;
			productRefGroup = 6DDDFD671C7D48A40099755D /* Products */;
			projectDirPath = "";
			projectRoot = "";
			targets = (
				6DDDFD651C7D48A40099755D /* Polygon2 */,
			);
		};
/* End PBXProject section */

/* Begin PBXResourcesBuildPhase section */
		6DDDFD641C7D48A40099755D /* Resources */ = {
			isa = PBXResourcesBuildPhase;
			buildActionMask = 2147483647;
			files = (
				6DDDFD701C7D48A40099755D /* Assets.xcassets in Resources */,
				6DDDFD731C7D48A40099755D /* MainMenu.xib in Resources */,
			);
			runOnlyForDeploymentPostprocessing = 0;
		};
/* End PBXResourcesBuildPhase section */

/* Begin PBXSourcesBuildPhase section */
		6DDDFD621C7D48A40099755D /* Sources */ = {
			isa = PBXSourcesBuildPhase;
			buildActionMask = 2147483647;
			files = (
				6DDDFD6E1C7D48A40099755D /* main.m in Sources */,
				6DDDFD7C1C7D4B6E0099755D /* Poly2View.M in Sources */,
			);
			runOnlyForDeploymentPostprocessing = 0;
		};
/* End PBXSourcesBuildPhase section */

/* Begin PBXVariantGroup section */
		6DDDFD711C7D48A40099755D /* MainMenu.xib */ = {
			isa = PBXVariantGroup;
			children = (
				6DDDFD721C7D48A40099755D /* Base */,
			);
			name = MainMenu.xib;
			sourceTree = "<group>";
		};
/* End PBXVariantGroup section */

/* Begin XCBuildConfiguration section */
		6DDDFD751C7D48A40099755D /* Debug */ = {
			isa = XCBuildConfiguration;
			buildSettings = {
				ALWAYS_SEARCH_USER_PATHS = NO;
				CLANG_CXX_LANGUAGE_STANDARD = "gnu++0x";
				CLANG_CXX_LIBRARY = "libc++";
				CLANG_ENABLE_MODULES = YES;
				CLANG_ENABLE_OBJC_ARC = YES;
				CLANG_WARN_BOOL_CONVERSION = YES;
				CLANG_WARN_CONSTANT_CONVERSION = YES;
				CLANG_WARN_DIRECT_OBJC_ISA_USAGE = YES_ERROR;
				CLANG_WARN_EMPTY_BODY = YES;
				CLANG_WARN_ENUM_CONVERSION = YES;
				CLANG_WARN_INT_CONVERSION = YES;
				CLANG_WARN_OBJC_ROOT_CLASS = YES_ERROR;
				CLANG_WARN_UNREACHABLE_CODE = YES;
				CLANG_WARN__DUPLICATE_METHOD_MATCH = YES;
				CODE_SIGN_IDENTITY = "-";
				COPY_PHASE_STRIP = NO;
				DEBUG_INFORMATION_FORMAT = dwarf;
				ENABLE_STRICT_OBJC_MSGSEND = YES;
				ENABLE_TESTABILITY = YES;
				GCC_C_LANGUAGE_STANDARD = gnu99;
				GCC_DYNAMIC_NO_PIC = NO;
				GCC_NO_COMMON_BLOCKS = YES;
				GCC_OPTIMIZATION_LEVEL = 0;
				GCC_PREPROCESSOR_DEFINITIONS = (
					"DEBUG=1",
					"$(inherited)",
				);
				GCC_WARN_64_TO_32_BIT_CONVERSION = YES;
				GCC_WARN_ABOUT_RETURN_TYPE = YES_ERROR;
				GCC_WARN_UNDECLARED_SELECTOR = YES;
				GCC_WARN_UNINITIALIZED_AUTOS = YES_AGGRESSIVE;
				GCC_WARN_UNUSED_FUNCTION = YES;
				GCC_WARN_UNUSED_VARIABLE = YES;
				MACOSX_DEPLOYMENT_TARGET = 10.11;
				MTL_ENABLE_DEBUG_INFO = YES;
				ONLY_ACTIVE_ARCH = YES;
				SDKROOT = macosx;
			};
			name = Debug;
		};
		6DDDFD761C7D48A40099755D /* Release */ = {
			isa = XCBuildConfiguration;
			buildSettings = {
				ALWAYS_SEARCH_USER_PATHS = NO;
				CLANG_CXX_LANGUAGE_STANDARD = "gnu++0x";
				CLANG_CXX_LIBRARY = "libc++";
				CLANG_ENABLE_MODULES = YES;
				CLANG_ENABLE_OBJC_ARC = YES;
				CLANG_WARN_BOOL_CONVERSION = YES;
				CLANG_WARN_CONSTANT_CONVERSION = YES;
				CLANG_WARN_DIRECT_OBJC_ISA_USAGE = YES_ERROR;
				CLANG_WARN_EMPTY_BODY = YES;
				CLANG_WARN_ENUM_CONVERSION = YES;
				CLANG_WARN_INT_CONVERSION = YES;
				CLANG_WARN_OBJC_ROOT_CLASS = YES_ERROR;
				CLANG_WARN_UNREACHABLE_CODE = YES;
				CLANG_WARN__DUPLICATE_METHOD_MATCH = YES;
				CODE_SIGN_IDENTITY = "-";
				COPY_PHASE_STRIP = NO;
				DEBUG_INFORMATION_FORMAT = "dwarf-with-dsym";
				ENABLE_NS_ASSERTIONS = NO;
				ENABLE_STRICT_OBJC_MSGSEND = YES;
				GCC_C_LANGUAGE_STANDARD = gnu99;
				GCC_NO_COMMON_BLOCKS = YES;
				GCC_WARN_64_TO_32_BIT_CONVERSION = YES;
				GCC_WARN_ABOUT_RETURN_TYPE = YES_ERROR;
				GCC_WARN_UNDECLARED_SELECTOR = YES;
				GCC_WARN_UNINITIALIZED_AUTOS = YES_AGGRESSIVE;
				GCC_WARN_UNUSED_FUNCTION = YES;
				GCC_WARN_UNUSED_VARIABLE = YES;
				MACOSX_DEPLOYMENT_TARGET = 10.11;
				MTL_ENABLE_DEBUG_INFO = NO;
				SDKROOT = macosx;
			};
			name = Release;
		};
		6DDDFD781C7D48A40099755D /* Debug */ = {
			isa = XCBuildConfiguration;
			buildSettings = {
				ASSETCATALOG_COMPILER_APPICON_NAME = AppIcon;
				COMBINE_HIDPI_IMAGES = YES;
				INFOPLIST_FILE = Polygon2/Info.plist;
				LD_RUNPATH_SEARCH_PATHS = "$(inherited) @executable_path/../Frameworks";
				MACOSX_DEPLOYMENT_TARGET = 10.10;
				PRODUCT_BUNDLE_IDENTIFIER = Wooster.Polygon2;
				PRODUCT_NAME = "$(TARGET_NAME)";
			};
			name = Debug;
		};
		6DDDFD791C7D48A40099755D /* Release */ = {
			isa = XCBuildConfiguration;
			buildSettings = {
				ASSETCATALOG_COMPILER_APPICON_NAME = AppIcon;
				COMBINE_HIDPI_IMAGES = YES;
				INFOPLIST_FILE = Polygon2/Info.plist;
				LD_RUNPATH_SEARCH_PATHS = "$(inherited) @executable_path/../Frameworks";
				MACOSX_DEPLOYMENT_TARGET = 10.10;
				PRODUCT_BUNDLE_IDENTIFIER = Wooster.Polygon2;
				PRODUCT_NAME = "$(TARGET_NAME)";
			};
			name = Release;
		};
/* End XCBuildConfiguration section */

/* Begin XCConfigurationList section */
		6DDDFD611C7D48A40099755D /* Build configuration list for PBXProject "Polygon2" */ = {
			isa = XCConfigurationList;
			buildConfigurations = (
				6DDDFD751C7D48A40099755D /* Debug */,
				6DDDFD761C7D48A40099755D /* Release */,
			);
			defaultConfigurationIsVisible = 0;
			defaultConfigurationName = Release;
		};
		6DDDFD771C7D48A40099755D /* Build configuration list for PBXNativeTarget "Polygon2" */ = {
			isa = XCConfigurationList;
			buildConfigurations = (
				6DDDFD781C7D48A40099755D /* Debug */,
				6DDDFD791C7D48A40099755D /* Release */,
			);
			defaultConfigurationIsVisible = 0;
			defaultConfigurationName = Release;
		};
/* End XCConfigurationList section */
	};
	rootObject = 6DDDFD5E1C7D48A40099755D /* Project object */;
}
