// !$*UTF8*$!
{
	archiveVersion = 1;
	classes = {
	};
	objectVersion = 46;
	objects = {

/* Begin PBXBuildFile section */
		C430382D1C8E156D0042416C /* AppDelegate.m in Sources */ = {isa = PBXBuildFile; fileRef = C430382C1C8E156D0042416C /* AppDelegate.m */; };
		C43038301C8E156D0042416C /* main.m in Sources */ = {isa = PBXBuildFile; fileRef = C430382F1C8E156D0042416C /* main.m */; };
		C43038321C8E156D0042416C /* Assets.xcassets in Resources */ = {isa = PBXBuildFile; fileRef = C43038311C8E156D0042416C /* Assets.xcassets */; };
		C43038351C8E156D0042416C /* MainMenu.xib in Resources */ = {isa = PBXBuildFile; fileRef = C43038331C8E156D0042416C /* MainMenu.xib */; };
		C430383E1C8E159B0042416C /* QuantumScattering.M in Sources */ = {isa = PBXBuildFile; fileRef = C430383D1C8E159B0042416C /* QuantumScattering.M */; };
		C4F23A4A1C90B68A00E266DE /* Screen Shot 2016-03-09 at 2.32.17 PM.png in Resources */ = {isa = PBXBuildFile; fileRef = C4F23A491C90B68A00E266DE /* Screen Shot 2016-03-09 at 2.32.17 PM.png */; };
/* End PBXBuildFile section */

/* Begin PBXFileReference section */
		C43038281C8E156D0042416C /* QuantumScattering.app */ = {isa = PBXFileReference; explicitFileType = wrapper.application; includeInIndex = 0; path = QuantumScattering.app; sourceTree = BUILT_PRODUCTS_DIR; };
		C430382B1C8E156D0042416C /* AppDelegate.h */ = {isa = PBXFileReference; lastKnownFileType = sourcecode.c.h; path = AppDelegate.h; sourceTree = "<group>"; };
		C430382C1C8E156D0042416C /* AppDelegate.m */ = {isa = PBXFileReference; lastKnownFileType = sourcecode.c.objc; path = AppDelegate.m; sourceTree = "<group>"; };
		C430382F1C8E156D0042416C /* main.m */ = {isa = PBXFileReference; lastKnownFileType = sourcecode.c.objc; path = main.m; sourceTree = "<group>"; };
		C43038311C8E156D0042416C /* Assets.xcassets */ = {isa = PBXFileReference; lastKnownFileType = folder.assetcatalog; path = Assets.xcassets; sourceTree = "<group>"; };
		C43038341C8E156D0042416C /* Base */ = {isa = PBXFileReference; lastKnownFileType = file.xib; name = Base; path = Base.lproj/MainMenu.xib; sourceTree = "<group>"; };
		C43038361C8E156D0042416C /* Info.plist */ = {isa = PBXFileReference; lastKnownFileType = text.plist.xml; path = Info.plist; sourceTree = "<group>"; };
		C430383C1C8E159B0042416C /* QuantumScattering.h */ = {isa = PBXFileReference; explicitFileType = sourcecode.cpp.objcpp; fileEncoding = 4; path = QuantumScattering.h; sourceTree = "<group>"; };
		C430383D1C8E159B0042416C /* QuantumScattering.M */ = {isa = PBXFileReference; explicitFileType = sourcecode.cpp.objcpp; fileEncoding = 4; path = QuantumScattering.M; sourceTree = "<group>"; };
		C4F23A491C90B68A00E266DE /* Screen Shot 2016-03-09 at 2.32.17 PM.png */ = {isa = PBXFileReference; lastKnownFileType = image.png; path = "Screen Shot 2016-03-09 at 2.32.17 PM.png"; sourceTree = "<group>"; };
/* End PBXFileReference section */

/* Begin PBXFrameworksBuildPhase section */
		C43038251C8E156D0042416C /* Frameworks */ = {
			isa = PBXFrameworksBuildPhase;
			buildActionMask = 2147483647;
			files = (
			);
			runOnlyForDeploymentPostprocessing = 0;
		};
/* End PBXFrameworksBuildPhase section */

/* Begin PBXGroup section */
		C430381F1C8E156D0042416C = {
			isa = PBXGroup;
			children = (
				C430382A1C8E156D0042416C /* QuantumScattering */,
				C43038291C8E156D0042416C /* Products */,
			);
			sourceTree = "<group>";
		};
		C43038291C8E156D0042416C /* Products */ = {
			isa = PBXGroup;
			children = (
				C43038281C8E156D0042416C /* QuantumScattering.app */,
			);
			name = Products;
			sourceTree = "<group>";
		};
		C430382A1C8E156D0042416C /* QuantumScattering */ = {
			isa = PBXGroup;
			children = (
				C430382B1C8E156D0042416C /* AppDelegate.h */,
				C430382C1C8E156D0042416C /* AppDelegate.m */,
				C43038311C8E156D0042416C /* Assets.xcassets */,
				C43038331C8E156D0042416C /* MainMenu.xib */,
				C430383C1C8E159B0042416C /* QuantumScattering.h */,
				C430383D1C8E159B0042416C /* QuantumScattering.M */,
				C43038361C8E156D0042416C /* Info.plist */,
				C4F23A491C90B68A00E266DE /* Screen Shot 2016-03-09 at 2.32.17 PM.png */,
				C430382E1C8E156D0042416C /* Supporting Files */,
			);
			path = QuantumScattering;
			sourceTree = "<group>";
		};
		C430382E1C8E156D0042416C /* Supporting Files */ = {
			isa = PBXGroup;
			children = (
				C430382F1C8E156D0042416C /* main.m */,
			);
			name = "Supporting Files";
			sourceTree = "<group>";
		};
/* End PBXGroup section */

/* Begin PBXNativeTarget section */
		C43038271C8E156D0042416C /* QuantumScattering */ = {
			isa = PBXNativeTarget;
			buildConfigurationList = C43038391C8E156D0042416C /* Build configuration list for PBXNativeTarget "QuantumScattering" */;
			buildPhases = (
				C43038241C8E156D0042416C /* Sources */,
				C43038251C8E156D0042416C /* Frameworks */,
				C43038261C8E156D0042416C /* Resources */,
			);
			buildRules = (
			);
			dependencies = (
			);
			name = QuantumScattering;
			productName = QuantumScattering;
			productReference = C43038281C8E156D0042416C /* QuantumScattering.app */;
			productType = "com.apple.product-type.application";
		};
/* End PBXNativeTarget section */

/* Begin PBXProject section */
		C43038201C8E156D0042416C /* Project object */ = {
			isa = PBXProject;
			attributes = {
				LastUpgradeCheck = 0720;
				ORGANIZATIONNAME = AVI;
				TargetAttributes = {
					C43038271C8E156D0042416C = {
						CreatedOnToolsVersion = 7.2.1;
					};
				};
			};
			buildConfigurationList = C43038231C8E156D0042416C /* Build configuration list for PBXProject "QuantumScattering" */;
			compatibilityVersion = "Xcode 3.2";
			developmentRegion = English;
			hasScannedForEncodings = 0;
			knownRegions = (
				en,
				Base,
			);
			mainGroup = C430381F1C8E156D0042416C;
			productRefGroup = C43038291C8E156D0042416C /* Products */;
			projectDirPath = "";
			projectRoot = "";
			targets = (
				C43038271C8E156D0042416C /* QuantumScattering */,
			);
		};
/* End PBXProject section */

/* Begin PBXResourcesBuildPhase section */
		C43038261C8E156D0042416C /* Resources */ = {
			isa = PBXResourcesBuildPhase;
			buildActionMask = 2147483647;
			files = (
				C43038321C8E156D0042416C /* Assets.xcassets in Resources */,
				C4F23A4A1C90B68A00E266DE /* Screen Shot 2016-03-09 at 2.32.17 PM.png in Resources */,
				C43038351C8E156D0042416C /* MainMenu.xib in Resources */,
			);
			runOnlyForDeploymentPostprocessing = 0;
		};
/* End PBXResourcesBuildPhase section */

/* Begin PBXSourcesBuildPhase section */
		C43038241C8E156D0042416C /* Sources */ = {
			isa = PBXSourcesBuildPhase;
			buildActionMask = 2147483647;
			files = (
				C43038301C8E156D0042416C /* main.m in Sources */,
				C430382D1C8E156D0042416C /* AppDelegate.m in Sources */,
				C430383E1C8E159B0042416C /* QuantumScattering.M in Sources */,
			);
			runOnlyForDeploymentPostprocessing = 0;
		};
/* End PBXSourcesBuildPhase section */

/* Begin PBXVariantGroup section */
		C43038331C8E156D0042416C /* MainMenu.xib */ = {
			isa = PBXVariantGroup;
			children = (
				C43038341C8E156D0042416C /* Base */,
			);
			name = MainMenu.xib;
			sourceTree = "<group>";
		};
/* End PBXVariantGroup section */

/* Begin XCBuildConfiguration section */
		C43038371C8E156D0042416C /* Debug */ = {
			isa = XCBuildConfiguration;
			buildSettings = {
				ALWAYS_SEARCH_USER_PATHS = NO;
				CLANG_CXX_LANGUAGE_STANDARD = "gnu++0x";
				CLANG_CXX_LIBRARY = "libc++";
				CLANG_ENABLE_MODULES = YES;
				CLANG_ENABLE_OBJC_ARC = YES;
				CLANG_WARN_BOOL_CONVERSION = YES;
				CLANG_WARN_CONSTANT_CONVERSION = YES;
				CLANG_WARN_DIRECT_OBJC_ISA_USAGE = YES_ERROR;
				CLANG_WARN_EMPTY_BODY = YES;
				CLANG_WARN_ENUM_CONVERSION = YES;
				CLANG_WARN_INT_CONVERSION = YES;
				CLANG_WARN_OBJC_ROOT_CLASS = YES_ERROR;
				CLANG_WARN_UNREACHABLE_CODE = YES;
				CLANG_WARN__DUPLICATE_METHOD_MATCH = YES;
				CODE_SIGN_IDENTITY = "-";
				COPY_PHASE_STRIP = NO;
				DEBUG_INFORMATION_FORMAT = dwarf;
				ENABLE_STRICT_OBJC_MSGSEND = YES;
				ENABLE_TESTABILITY = YES;
				GCC_C_LANGUAGE_STANDARD = gnu99;
				GCC_DYNAMIC_NO_PIC = NO;
				GCC_NO_COMMON_BLOCKS = YES;
				GCC_OPTIMIZATION_LEVEL = 0;
				GCC_PREPROCESSOR_DEFINITIONS = (
					"DEBUG=1",
					"$(inherited)",
				);
				GCC_WARN_64_TO_32_BIT_CONVERSION = YES;
				GCC_WARN_ABOUT_RETURN_TYPE = YES_ERROR;
				GCC_WARN_UNDECLARED_SELECTOR = YES;
				GCC_WARN_UNINITIALIZED_AUTOS = YES_AGGRESSIVE;
				GCC_WARN_UNUSED_FUNCTION = YES;
				GCC_WARN_UNUSED_VARIABLE = YES;
				MACOSX_DEPLOYMENT_TARGET = 10.11;
				MTL_ENABLE_DEBUG_INFO = YES;
				ONLY_ACTIVE_ARCH = YES;
				SDKROOT = macosx;
			};
			name = Debug;
		};
		C43038381C8E156D0042416C /* Release */ = {
			isa = XCBuildConfiguration;
			buildSettings = {
				ALWAYS_SEARCH_USER_PATHS = NO;
				CLANG_CXX_LANGUAGE_STANDARD = "gnu++0x";
				CLANG_CXX_LIBRARY = "libc++";
				CLANG_ENABLE_MODULES = YES;
				CLANG_ENABLE_OBJC_ARC = YES;
				CLANG_WARN_BOOL_CONVERSION = YES;
				CLANG_WARN_CONSTANT_CONVERSION = YES;
				CLANG_WARN_DIRECT_OBJC_ISA_USAGE = YES_ERROR;
				CLANG_WARN_EMPTY_BODY = YES;
				CLANG_WARN_ENUM_CONVERSION = YES;
				CLANG_WARN_INT_CONVERSION = YES;
				CLANG_WARN_OBJC_ROOT_CLASS = YES_ERROR;
				CLANG_WARN_UNREACHABLE_CODE = YES;
				CLANG_WARN__DUPLICATE_METHOD_MATCH = YES;
				CODE_SIGN_IDENTITY = "-";
				COPY_PHASE_STRIP = NO;
				DEBUG_INFORMATION_FORMAT = "dwarf-with-dsym";
				ENABLE_NS_ASSERTIONS = NO;
				ENABLE_STRICT_OBJC_MSGSEND = YES;
				GCC_C_LANGUAGE_STANDARD = gnu99;
				GCC_NO_COMMON_BLOCKS = YES;
				GCC_WARN_64_TO_32_BIT_CONVERSION = YES;
				GCC_WARN_ABOUT_RETURN_TYPE = YES_ERROR;
				GCC_WARN_UNDECLARED_SELECTOR = YES;
				GCC_WARN_UNINITIALIZED_AUTOS = YES_AGGRESSIVE;
				GCC_WARN_UNUSED_FUNCTION = YES;
				GCC_WARN_UNUSED_VARIABLE = YES;
				MACOSX_DEPLOYMENT_TARGET = 10.11;
				MTL_ENABLE_DEBUG_INFO = NO;
				SDKROOT = macosx;
			};
			name = Release;
		};
		C430383A1C8E156D0042416C /* Debug */ = {
			isa = XCBuildConfiguration;
			buildSettings = {
				ASSETCATALOG_COMPILER_APPICON_NAME = AppIcon;
				COMBINE_HIDPI_IMAGES = YES;
				INFOPLIST_FILE = QuantumScattering/Info.plist;
				LD_RUNPATH_SEARCH_PATHS = "$(inherited) @executable_path/../Frameworks";
				PRODUCT_BUNDLE_IDENTIFIER = Avi.QuantumScattering;
				PRODUCT_NAME = "$(TARGET_NAME)";
			};
			name = Debug;
		};
		C430383B1C8E156D0042416C /* Release */ = {
			isa = XCBuildConfiguration;
			buildSettings = {
				ASSETCATALOG_COMPILER_APPICON_NAME = AppIcon;
				COMBINE_HIDPI_IMAGES = YES;
				INFOPLIST_FILE = QuantumScattering/Info.plist;
				LD_RUNPATH_SEARCH_PATHS = "$(inherited) @executable_path/../Frameworks";
				PRODUCT_BUNDLE_IDENTIFIER = Avi.QuantumScattering;
				PRODUCT_NAME = "$(TARGET_NAME)";
			};
			name = Release;
		};
/* End XCBuildConfiguration section */

/* Begin XCConfigurationList section */
		C43038231C8E156D0042416C /* Build configuration list for PBXProject "QuantumScattering" */ = {
			isa = XCConfigurationList;
			buildConfigurations = (
				C43038371C8E156D0042416C /* Debug */,
				C43038381C8E156D0042416C /* Release */,
			);
			defaultConfigurationIsVisible = 0;
			defaultConfigurationName = Release;
		};
		C43038391C8E156D0042416C /* Build configuration list for PBXNativeTarget "QuantumScattering" */ = {
			isa = XCConfigurationList;
			buildConfigurations = (
				C430383A1C8E156D0042416C /* Debug */,
				C430383B1C8E156D0042416C /* Release */,
			);
			defaultConfigurationIsVisible = 0;
			defaultConfigurationName = Release;
		};
/* End XCConfigurationList section */
	};
	rootObject = C43038201C8E156D0042416C /* Project object */;
}
